// !$*UTF8*$!
{
	archiveVersion = 1;
	classes = {
	};
	objectVersion = 46;
	objects = {

/* Begin PBXFileReference section */
		C922D2441BF0E9D600520811 /* ACCEL.ino */ = {isa = PBXFileReference; lastKnownFileType = text; name = ACCEL.ino; path = code_templates/ACCEL.ino; sourceTree = "<group>"; xcLanguageSpecificationIdentifier = xcode.lang.cpp; };
		C922D2451BF0E9D600520811 /* ENCODER.ino */ = {isa = PBXFileReference; lastKnownFileType = text; name = ENCODER.ino; path = code_templates/ENCODER.ino; sourceTree = "<group>"; xcLanguageSpecificationIdentifier = xcode.lang.cpp; };
		C922D2461BF0E9D600520811 /* GPS.ino */ = {isa = PBXFileReference; lastKnownFileType = text; name = GPS.ino; path = code_templates/GPS.ino; sourceTree = "<group>"; xcLanguageSpecificationIdentifier = xcode.lang.cpp; };
		C922D2471BF0E9D600520811 /* LED13.ino */ = {isa = PBXFileReference; lastKnownFileType = text; name = LED13.ino; path = code_templates/LED13.ino; sourceTree = "<group>"; xcLanguageSpecificationIdentifier = xcode.lang.cpp; };
		C922D2481BF0E9D600520811 /* SERVO.ino */ = {isa = PBXFileReference; lastKnownFileType = text; name = SERVO.ino; path = code_templates/SERVO.ino; sourceTree = "<group>"; xcLanguageSpecificationIdentifier = xcode.lang.cpp; };
		C922D24A1BF11E0D00520811 /* libraries */ = {isa = PBXFileReference; lastKnownFileType = folder; name = libraries; path = ../libraries; sourceTree = "<group>"; };
		C9797D7B1BF2E4AF00DD8B13 /* SensorTemplate.ino */ = {isa = PBXFileReference; lastKnownFileType = text; name = SensorTemplate.ino; path = Unused/SensorTemplate.ino; sourceTree = "<group>"; xcLanguageSpecificationIdentifier = xcode.lang.cpp; };
		C982D7371BF1464100D99A0A /* EmptyTemplate.ino */ = {isa = PBXFileReference; lastKnownFileType = text; name = EmptyTemplate.ino; path = Unused/EmptyTemplate.ino; sourceTree = "<group>"; xcLanguageSpecificationIdentifier = xcode.lang.cpp; };
		C9B09DDF1BF2A9DC00ED5FC3 /* MAGNET.ino */ = {isa = PBXFileReference; lastKnownFileType = text; name = MAGNET.ino; path = code_templates/MAGNET.ino; sourceTree = "<group>"; xcLanguageSpecificationIdentifier = xcode.lang.cpp; };
		C9B09DE01BF2A9FD00ED5FC3 /* GYRO.ino */ = {isa = PBXFileReference; lastKnownFileType = text; name = GYRO.ino; path = code_templates/GYRO.ino; sourceTree = "<group>"; xcLanguageSpecificationIdentifier = xcode.lang.cpp; };
		C9DE740F1BEBCC3B002318FA /* SerialBox.ino */ = {isa = PBXFileReference; lastKnownFileType = text; path = SerialBox.ino; sourceTree = "<group>"; xcLanguageSpecificationIdentifier = xcode.lang.cpp; };
/* End PBXFileReference section */

/* Begin PBXGroup section */
		C9DE74061BEBCC30002318FA = {
			isa = PBXGroup;
			children = (
				C922D24A1BF11E0D00520811 /* libraries */,
				C922D2441BF0E9D600520811 /* ACCEL.ino */,
				C9B09DE01BF2A9FD00ED5FC3 /* GYRO.ino */,
				C9B09DDF1BF2A9DC00ED5FC3 /* MAGNET.ino */,
				C922D2451BF0E9D600520811 /* ENCODER.ino */,
				C922D2461BF0E9D600520811 /* GPS.ino */,
				C922D2471BF0E9D600520811 /* LED13.ino */,
				C922D2481BF0E9D600520811 /* SERVO.ino */,
				C982D7371BF1464100D99A0A /* EmptyTemplate.ino */,
				C9797D7B1BF2E4AF00DD8B13 /* SensorTemplate.ino */,
				C9DE740F1BEBCC3B002318FA /* SerialBox.ino */,
			);
			sourceTree = "<group>";
		};
/* End PBXGroup section */

/* Begin PBXProject section */
		C9DE74071BEBCC30002318FA /* Project object */ = {
			isa = PBXProject;
			attributes = {
				LastUpgradeCheck = 0710;
			};
			buildConfigurationList = C9DE740A1BEBCC30002318FA /* Build configuration list for PBXProject "SerialBox" */;
			compatibilityVersion = "Xcode 3.2";
			developmentRegion = English;
			hasScannedForEncodings = 0;
			knownRegions = (
				en,
			);
			mainGroup = C9DE74061BEBCC30002318FA;
			projectDirPath = "";
			projectRoot = "";
			targets = (
			);
		};
/* End PBXProject section */

/* Begin XCBuildConfiguration section */
		C9DE740B1BEBCC30002318FA /* Debug */ = {
			isa = XCBuildConfiguration;
			buildSettings = {
			};
			name = Debug;
		};
		C9DE740C1BEBCC30002318FA /* Release */ = {
			isa = XCBuildConfiguration;
			buildSettings = {
			};
			name = Release;
		};
/* End XCBuildConfiguration section */

/* Begin XCConfigurationList section */
		C9DE740A1BEBCC30002318FA /* Build configuration list for PBXProject "SerialBox" */ = {
			isa = XCConfigurationList;
			buildConfigurations = (
				C9DE740B1BEBCC30002318FA /* Debug */,
				C9DE740C1BEBCC30002318FA /* Release */,
			);
			defaultConfigurationIsVisible = 0;
			defaultConfigurationName = Release;
		};
/* End XCConfigurationList section */
	};
	rootObject = C9DE74071BEBCC30002318FA /* Project object */;
}
